// !$*UTF8*$!
{
	archiveVersion = 1;
	classes = {
	};
	objectVersion = 46;
	objects = {

/* Begin PBXBuildFile section */
		431835591E30218D0010093D /* AppDelegate.swift in Sources */ = {isa = PBXBuildFile; fileRef = 431835581E30218D0010093D /* AppDelegate.swift */; };
		4318355B1E30218D0010093D /* ViewController.swift in Sources */ = {isa = PBXBuildFile; fileRef = 4318355A1E30218D0010093D /* ViewController.swift */; };
		4318355E1E30218D0010093D /* Main.storyboard in Resources */ = {isa = PBXBuildFile; fileRef = 4318355C1E30218D0010093D /* Main.storyboard */; };
		431835601E30218D0010093D /* Assets.xcassets in Resources */ = {isa = PBXBuildFile; fileRef = 4318355F1E30218D0010093D /* Assets.xcassets */; };
		431835631E30218D0010093D /* LaunchScreen.storyboard in Resources */ = {isa = PBXBuildFile; fileRef = 431835611E30218D0010093D /* LaunchScreen.storyboard */; };
/* End PBXBuildFile section */

/* Begin PBXFileReference section */
		431835551E30218D0010093D /* Aula_003_ImagePicker.app */ = {isa = PBXFileReference; explicitFileType = wrapper.application; includeInIndex = 0; path = Aula_003_ImagePicker.app; sourceTree = BUILT_PRODUCTS_DIR; };
		431835581E30218D0010093D /* AppDelegate.swift */ = {isa = PBXFileReference; lastKnownFileType = sourcecode.swift; path = AppDelegate.swift; sourceTree = "<group>"; };
		4318355A1E30218D0010093D /* ViewController.swift */ = {isa = PBXFileReference; lastKnownFileType = sourcecode.swift; path = ViewController.swift; sourceTree = "<group>"; };
		4318355D1E30218D0010093D /* Base */ = {isa = PBXFileReference; lastKnownFileType = file.storyboard; name = Base; path = Base.lproj/Main.storyboard; sourceTree = "<group>"; };
		4318355F1E30218D0010093D /* Assets.xcassets */ = {isa = PBXFileReference; lastKnownFileType = folder.assetcatalog; path = Assets.xcassets; sourceTree = "<group>"; };
		431835621E30218D0010093D /* Base */ = {isa = PBXFileReference; lastKnownFileType = file.storyboard; name = Base; path = Base.lproj/LaunchScreen.storyboard; sourceTree = "<group>"; };
		431835641E30218D0010093D /* Info.plist */ = {isa = PBXFileReference; lastKnownFileType = text.plist.xml; path = Info.plist; sourceTree = "<group>"; };
/* End PBXFileReference section */

/* Begin PBXFrameworksBuildPhase section */
		431835521E30218D0010093D /* Frameworks */ = {
			isa = PBXFrameworksBuildPhase;
			buildActionMask = 2147483647;
			files = (
			);
			runOnlyForDeploymentPostprocessing = 0;
		};
/* End PBXFrameworksBuildPhase section */

/* Begin PBXGroup section */
		4318354C1E30218D0010093D = {
			isa = PBXGroup;
			children = (
				431835571E30218D0010093D /* Aula_003_ImagePicker */,
				431835561E30218D0010093D /* Products */,
			);
			sourceTree = "<group>";
		};
		431835561E30218D0010093D /* Products */ = {
			isa = PBXGroup;
			children = (
				431835551E30218D0010093D /* Aula_003_ImagePicker.app */,
			);
			name = Products;
			sourceTree = "<group>";
		};
		431835571E30218D0010093D /* Aula_003_ImagePicker */ = {
			isa = PBXGroup;
			children = (
				431835581E30218D0010093D /* AppDelegate.swift */,
				4318355A1E30218D0010093D /* ViewController.swift */,
				4318355C1E30218D0010093D /* Main.storyboard */,
				4318355F1E30218D0010093D /* Assets.xcassets */,
				431835611E30218D0010093D /* LaunchScreen.storyboard */,
				431835641E30218D0010093D /* Info.plist */,
			);
			path = Aula_003_ImagePicker;
			sourceTree = "<group>";
		};
/* End PBXGroup section */

/* Begin PBXNativeTarget section */
		431835541E30218D0010093D /* Aula_003_ImagePicker */ = {
			isa = PBXNativeTarget;
			buildConfigurationList = 431835671E30218D0010093D /* Build configuration list for PBXNativeTarget "Aula_003_ImagePicker" */;
			buildPhases = (
				431835511E30218D0010093D /* Sources */,
				431835521E30218D0010093D /* Frameworks */,
				431835531E30218D0010093D /* Resources */,
			);
			buildRules = (
			);
			dependencies = (
			);
			name = Aula_003_ImagePicker;
			productName = Aula_003_ImagePicker;
			productReference = 431835551E30218D0010093D /* Aula_003_ImagePicker.app */;
			productType = "com.apple.product-type.application";
		};
/* End PBXNativeTarget section */

/* Begin PBXProject section */
		4318354D1E30218D0010093D /* Project object */ = {
			isa = PBXProject;
			attributes = {
				LastSwiftUpdateCheck = 0800;
				LastUpgradeCheck = 0800;
				ORGANIZATIONNAME = Swift;
				TargetAttributes = {
					431835541E30218D0010093D = {
						CreatedOnToolsVersion = 8.0;
						DevelopmentTeam = 3XU35YZPYQ;
						ProvisioningStyle = Automatic;
					};
				};
			};
			buildConfigurationList = 431835501E30218D0010093D /* Build configuration list for PBXProject "Aula_003_ImagePicker" */;
			compatibilityVersion = "Xcode 3.2";
			developmentRegion = English;
			hasScannedForEncodings = 0;
			knownRegions = (
				en,
				Base,
			);
			mainGroup = 4318354C1E30218D0010093D;
			productRefGroup = 431835561E30218D0010093D /* Products */;
			projectDirPath = "";
			projectRoot = "";
			targets = (
				431835541E30218D0010093D /* Aula_003_ImagePicker */,
			);
		};
/* End PBXProject section */

/* Begin PBXResourcesBuildPhase section */
		431835531E30218D0010093D /* Resources */ = {
			isa = PBXResourcesBuildPhase;
			buildActionMask = 2147483647;
			files = (
				431835631E30218D0010093D /* LaunchScreen.storyboard in Resources */,
				431835601E30218D0010093D /* Assets.xcassets in Resources */,
				4318355E1E30218D0010093D /* Main.storyboard in Resources */,
			);
			runOnlyForDeploymentPostprocessing = 0;
		};
/* End PBXResourcesBuildPhase section */

/* Begin PBXSourcesBuildPhase section */
		431835511E30218D0010093D /* Sources */ = {
			isa = PBXSourcesBuildPhase;
			buildActionMask = 2147483647;
			files = (
				4318355B1E30218D0010093D /* ViewController.swift in Sources */,
				431835591E30218D0010093D /* AppDelegate.swift in Sources */,
			);
			runOnlyForDeploymentPostprocessing = 0;
		};
/* End PBXSourcesBuildPhase section */

/* Begin PBXVariantGroup section */
		4318355C1E30218D0010093D /* Main.storyboard */ = {
			isa = PBXVariantGroup;
			children = (
				4318355D1E30218D0010093D /* Base */,
			);
			name = Main.storyboard;
			sourceTree = "<group>";
		};
		431835611E30218D0010093D /* LaunchScreen.storyboard */ = {
			isa = PBXVariantGroup;
			children = (
				431835621E30218D0010093D /* Base */,
			);
			name = LaunchScreen.storyboard;
			sourceTree = "<group>";
		};
/* End PBXVariantGroup section */

/* Begin XCBuildConfiguration section */
		431835651E30218D0010093D /* Debug */ = {
			isa = XCBuildConfiguration;
			buildSettings = {
				ALWAYS_SEARCH_USER_PATHS = NO;
				CLANG_ANALYZER_NONNULL = YES;
				CLANG_CXX_LANGUAGE_STANDARD = "gnu++0x";
				CLANG_CXX_LIBRARY = "libc++";
				CLANG_ENABLE_MODULES = YES;
				CLANG_ENABLE_OBJC_ARC = YES;
				CLANG_WARN_BOOL_CONVERSION = YES;
				CLANG_WARN_CONSTANT_CONVERSION = YES;
				CLANG_WARN_DIRECT_OBJC_ISA_USAGE = YES_ERROR;
				CLANG_WARN_DOCUMENTATION_COMMENTS = YES;
				CLANG_WARN_EMPTY_BODY = YES;
				CLANG_WARN_ENUM_CONVERSION = YES;
				CLANG_WARN_INFINITE_RECURSION = YES;
				CLANG_WARN_INT_CONVERSION = YES;
				CLANG_WARN_OBJC_ROOT_CLASS = YES_ERROR;
				CLANG_WARN_SUSPICIOUS_MOVES = YES;
				CLANG_WARN_UNREACHABLE_CODE = YES;
				CLANG_WARN__DUPLICATE_METHOD_MATCH = YES;
				"CODE_SIGN_IDENTITY[sdk=iphoneos*]" = "iPhone Developer";
				COPY_PHASE_STRIP = NO;
				DEBUG_INFORMATION_FORMAT = dwarf;
				ENABLE_STRICT_OBJC_MSGSEND = YES;
				ENABLE_TESTABILITY = YES;
				GCC_C_LANGUAGE_STANDARD = gnu99;
				GCC_DYNAMIC_NO_PIC = NO;
				GCC_NO_COMMON_BLOCKS = YES;
				GCC_OPTIMIZATION_LEVEL = 0;
				GCC_PREPROCESSOR_DEFINITIONS = (
					"DEBUG=1",
					"$(inherited)",
				);
				GCC_WARN_64_TO_32_BIT_CONVERSION = YES;
				GCC_WARN_ABOUT_RETURN_TYPE = YES_ERROR;
				GCC_WARN_UNDECLARED_SELECTOR = YES;
				GCC_WARN_UNINITIALIZED_AUTOS = YES_AGGRESSIVE;
				GCC_WARN_UNUSED_FUNCTION = YES;
				GCC_WARN_UNUSED_VARIABLE = YES;
				IPHONEOS_DEPLOYMENT_TARGET = 10.0;
				MTL_ENABLE_DEBUG_INFO = YES;
				ONLY_ACTIVE_ARCH = YES;
				SDKROOT = iphoneos;
				SWIFT_ACTIVE_COMPILATION_CONDITIONS = DEBUG;
				SWIFT_OPTIMIZATION_LEVEL = "-Onone";
				TARGETED_DEVICE_FAMILY = "1,2";
			};
			name = Debug;
		};
		431835661E30218D0010093D /* Release */ = {
			isa = XCBuildConfiguration;
			buildSettings = {
				ALWAYS_SEARCH_USER_PATHS = NO;
				CLANG_ANALYZER_NONNULL = YES;
				CLANG_CXX_LANGUAGE_STANDARD = "gnu++0x";
				CLANG_CXX_LIBRARY = "libc++";
				CLANG_ENABLE_MODULES = YES;
				CLANG_ENABLE_OBJC_ARC = YES;
				CLANG_WARN_BOOL_CONVERSION = YES;
				CLANG_WARN_CONSTANT_CONVERSION = YES;
				CLANG_WARN_DIRECT_OBJC_ISA_USAGE = YES_ERROR;
				CLANG_WARN_DOCUMENTATION_COMMENTS = YES;
				CLANG_WARN_EMPTY_BODY = YES;
				CLANG_WARN_ENUM_CONVERSION = YES;
				CLANG_WARN_INFINITE_RECURSION = YES;
				CLANG_WARN_INT_CONVERSION = YES;
				CLANG_WARN_OBJC_ROOT_CLASS = YES_ERROR;
				CLANG_WARN_SUSPICIOUS_MOVES = YES;
				CLANG_WARN_UNREACHABLE_CODE = YES;
				CLANG_WARN__DUPLICATE_METHOD_MATCH = YES;
				"CODE_SIGN_IDENTITY[sdk=iphoneos*]" = "iPhone Developer";
				COPY_PHASE_STRIP = NO;
				DEBUG_INFORMATION_FORMAT = "dwarf-with-dsym";
				ENABLE_NS_ASSERTIONS = NO;
				ENABLE_STRICT_OBJC_MSGSEND = YES;
				GCC_C_LANGUAGE_STANDARD = gnu99;
				GCC_NO_COMMON_BLOCKS = YES;
				GCC_WARN_64_TO_32_BIT_CONVERSION = YES;
				GCC_WARN_ABOUT_RETURN_TYPE = YES_ERROR;
				GCC_WARN_UNDECLARED_SELECTOR = YES;
				GCC_WARN_UNINITIALIZED_AUTOS = YES_AGGRESSIVE;
				GCC_WARN_UNUSED_FUNCTION = YES;
				GCC_WARN_UNUSED_VARIABLE = YES;
				IPHONEOS_DEPLOYMENT_TARGET = 10.0;
				MTL_ENABLE_DEBUG_INFO = NO;
				SDKROOT = iphoneos;
				SWIFT_OPTIMIZATION_LEVEL = "-Owholemodule";
				TARGETED_DEVICE_FAMILY = "1,2";
				VALIDATE_PRODUCT = YES;
			};
			name = Release;
		};
		431835681E30218D0010093D /* Debug */ = {
			isa = XCBuildConfiguration;
			buildSettings = {
				ASSETCATALOG_COMPILER_APPICON_NAME = AppIcon;
				DEVELOPMENT_TEAM = 3XU35YZPYQ;
				INFOPLIST_FILE = Aula_003_ImagePicker/Info.plist;
				LD_RUNPATH_SEARCH_PATHS = "$(inherited) @executable_path/Frameworks";
				PRODUCT_BUNDLE_IDENTIFIER = "br.quaddro.com.Aula-003-ImagePicker";
				PRODUCT_NAME = "$(TARGET_NAME)";
				SWIFT_VERSION = 3.0;
			};
			name = Debug;
		};
		431835691E30218D0010093D /* Release */ = {
			isa = XCBuildConfiguration;
			buildSettings = {
				ASSETCATALOG_COMPILER_APPICON_NAME = AppIcon;
				DEVELOPMENT_TEAM = 3XU35YZPYQ;
				INFOPLIST_FILE = Aula_003_ImagePicker/Info.plist;
				LD_RUNPATH_SEARCH_PATHS = "$(inherited) @executable_path/Frameworks";
				PRODUCT_BUNDLE_IDENTIFIER = "br.quaddro.com.Aula-003-ImagePicker";
				PRODUCT_NAME = "$(TARGET_NAME)";
				SWIFT_VERSION = 3.0;
			};
			name = Release;
		};
/* End XCBuildConfiguration section */

/* Begin XCConfigurationList section */
		431835501E30218D0010093D /* Build configuration list for PBXProject "Aula_003_ImagePicker" */ = {
			isa = XCConfigurationList;
			buildConfigurations = (
				431835651E30218D0010093D /* Debug */,
				431835661E30218D0010093D /* Release */,
			);
			defaultConfigurationIsVisible = 0;
			defaultConfigurationName = Release;
		};
		431835671E30218D0010093D /* Build configuration list for PBXNativeTarget "Aula_003_ImagePicker" */ = {
			isa = XCConfigurationList;
			buildConfigurations = (
				431835681E30218D0010093D /* Debug */,
				431835691E30218D0010093D /* Release */,
			);
			defaultConfigurationIsVisible = 0;
		};
/* End XCConfigurationList section */
	};
	rootObject = 4318354D1E30218D0010093D /* Project object */;
}
